
Microsoft Visual Studio Solution File, Format Version 12.00
# Visual Studio Version 16
VisualStudioVersion = 16.0.29709.97
MinimumVisualStudioVersion = 10.0.40219.1
Project("{FAE04EC0-301F-11D3-BF4B-00C04F79EFBC}") = "Lobster", "Lobster\Lobster.csproj", "{BE5F8673-E0AB-479B-9FEB-21CD1E2756A8}"
EndProject
Global
	GlobalSection(SolutionConfigurationPlatforms) = preSolution
		Debug|Any CPU = Debug|Any CPU
		Release|Any CPU = Release|Any CPU
	EndGlobalSection
	GlobalSection(ProjectConfigurationPlatforms) = postSolution
		{BE5F8673-E0AB-479B-9FEB-21CD1E2756A8}.Debug|Any CPU.ActiveCfg = Debug|Any CPU
		{BE5F8673-E0AB-479B-9FEB-21CD1E2756A8}.Debug|Any CPU.Build.0 = Debug|Any CPU
		{BE5F8673-E0AB-479B-9FEB-21CD1E2756A8}.Release|Any CPU.ActiveCfg = Release|Any CPU
		{BE5F8673-E0AB-479B-9FEB-21CD1E2756A8}.Release|Any CPU.Build.0 = Release|Any CPU
	EndGlobalSection
	GlobalSection(SolutionProperties) = preSolution
		HideSolutionNode = FALSE
	EndGlobalSection
	GlobalSection(ExtensibilityGlobals) = postSolution
		SolutionGuid = {EB36E9D1-FC21-48FA-9150-A7DE82DB0BBC}
	EndGlobalSection
EndGlobal
